// !$*UTF8*$!
{
	archiveVersion = 1;
	classes = {
	};
	objectVersion = 46;
	objects = {

/* Begin PBXBuildFile section */
		B040C2301D887EB300115769 /* AppDelegate.swift in Sources */ = {isa = PBXBuildFile; fileRef = B040C22F1D887EB300115769 /* AppDelegate.swift */; };
		B040C2321D887EB300115769 /* ViewController.swift in Sources */ = {isa = PBXBuildFile; fileRef = B040C2311D887EB300115769 /* ViewController.swift */; };
		B040C2351D887EB300115769 /* Main.storyboard in Resources */ = {isa = PBXBuildFile; fileRef = B040C2331D887EB300115769 /* Main.storyboard */; };
		B040C2381D887EB300115769 /* TemperatureConverter.xcdatamodeld in Sources */ = {isa = PBXBuildFile; fileRef = B040C2361D887EB300115769 /* TemperatureConverter.xcdatamodeld */; };
		B040C23A1D887EB300115769 /* Assets.xcassets in Resources */ = {isa = PBXBuildFile; fileRef = B040C2391D887EB300115769 /* Assets.xcassets */; };
		B040C23D1D887EB300115769 /* LaunchScreen.storyboard in Resources */ = {isa = PBXBuildFile; fileRef = B040C23B1D887EB300115769 /* LaunchScreen.storyboard */; };
/* End PBXBuildFile section */

/* Begin PBXFileReference section */
		B040C22C1D887EB300115769 /* TemperatureConverter.app */ = {isa = PBXFileReference; explicitFileType = wrapper.application; includeInIndex = 0; path = TemperatureConverter.app; sourceTree = BUILT_PRODUCTS_DIR; };
		B040C22F1D887EB300115769 /* AppDelegate.swift */ = {isa = PBXFileReference; lastKnownFileType = sourcecode.swift; path = AppDelegate.swift; sourceTree = "<group>"; };
		B040C2311D887EB300115769 /* ViewController.swift */ = {isa = PBXFileReference; lastKnownFileType = sourcecode.swift; path = ViewController.swift; sourceTree = "<group>"; };
		B040C2341D887EB300115769 /* Base */ = {isa = PBXFileReference; lastKnownFileType = file.storyboard; name = Base; path = Base.lproj/Main.storyboard; sourceTree = "<group>"; };
		B040C2371D887EB300115769 /* TemperatureConverter.xcdatamodel */ = {isa = PBXFileReference; lastKnownFileType = wrapper.xcdatamodel; path = TemperatureConverter.xcdatamodel; sourceTree = "<group>"; };
		B040C2391D887EB300115769 /* Assets.xcassets */ = {isa = PBXFileReference; lastKnownFileType = folder.assetcatalog; path = Assets.xcassets; sourceTree = "<group>"; };
		B040C23C1D887EB300115769 /* Base */ = {isa = PBXFileReference; lastKnownFileType = file.storyboard; name = Base; path = Base.lproj/LaunchScreen.storyboard; sourceTree = "<group>"; };
		B040C23E1D887EB300115769 /* Info.plist */ = {isa = PBXFileReference; lastKnownFileType = text.plist.xml; path = Info.plist; sourceTree = "<group>"; };
/* End PBXFileReference section */

/* Begin PBXFrameworksBuildPhase section */
		B040C2291D887EB300115769 /* Frameworks */ = {
			isa = PBXFrameworksBuildPhase;
			buildActionMask = 2147483647;
			files = (
			);
			runOnlyForDeploymentPostprocessing = 0;
		};
/* End PBXFrameworksBuildPhase section */

/* Begin PBXGroup section */
		B040C2231D887EB300115769 = {
			isa = PBXGroup;
			children = (
				B040C22E1D887EB300115769 /* TemperatureConverter */,
				B040C22D1D887EB300115769 /* Products */,
			);
			sourceTree = "<group>";
		};
		B040C22D1D887EB300115769 /* Products */ = {
			isa = PBXGroup;
			children = (
				B040C22C1D887EB300115769 /* TemperatureConverter.app */,
			);
			name = Products;
			sourceTree = "<group>";
		};
		B040C22E1D887EB300115769 /* TemperatureConverter */ = {
			isa = PBXGroup;
			children = (
				B040C22F1D887EB300115769 /* AppDelegate.swift */,
				B040C2311D887EB300115769 /* ViewController.swift */,
				B040C2331D887EB300115769 /* Main.storyboard */,
				B040C2391D887EB300115769 /* Assets.xcassets */,
				B040C23B1D887EB300115769 /* LaunchScreen.storyboard */,
				B040C23E1D887EB300115769 /* Info.plist */,
				B040C2361D887EB300115769 /* TemperatureConverter.xcdatamodeld */,
			);
			path = TemperatureConverter;
			sourceTree = "<group>";
		};
/* End PBXGroup section */

/* Begin PBXNativeTarget section */
		B040C22B1D887EB300115769 /* TemperatureConverter */ = {
			isa = PBXNativeTarget;
			buildConfigurationList = B040C2411D887EB300115769 /* Build configuration list for PBXNativeTarget "TemperatureConverter" */;
			buildPhases = (
				B040C2281D887EB300115769 /* Sources */,
				B040C2291D887EB300115769 /* Frameworks */,
				B040C22A1D887EB300115769 /* Resources */,
			);
			buildRules = (
			);
			dependencies = (
			);
			name = TemperatureConverter;
			productName = TemperatureConverter;
			productReference = B040C22C1D887EB300115769 /* TemperatureConverter.app */;
			productType = "com.apple.product-type.application";
		};
/* End PBXNativeTarget section */

/* Begin PBXProject section */
		B040C2241D887EB300115769 /* Project object */ = {
			isa = PBXProject;
			attributes = {
				LastSwiftUpdateCheck = 0730;
				LastUpgradeCheck = 0730;
				ORGANIZATIONNAME = "Moesaeah King";
				TargetAttributes = {
					B040C22B1D887EB300115769 = {
						CreatedOnToolsVersion = 7.3.1;
					};
				};
			};
			buildConfigurationList = B040C2271D887EB300115769 /* Build configuration list for PBXProject "TemperatureConverter" */;
			compatibilityVersion = "Xcode 3.2";
			developmentRegion = English;
			hasScannedForEncodings = 0;
			knownRegions = (
				en,
				Base,
			);
			mainGroup = B040C2231D887EB300115769;
			productRefGroup = B040C22D1D887EB300115769 /* Products */;
			projectDirPath = "";
			projectRoot = "";
			targets = (
				B040C22B1D887EB300115769 /* TemperatureConverter */,
			);
		};
/* End PBXProject section */

/* Begin PBXResourcesBuildPhase section */
		B040C22A1D887EB300115769 /* Resources */ = {
			isa = PBXResourcesBuildPhase;
			buildActionMask = 2147483647;
			files = (
				B040C23D1D887EB300115769 /* LaunchScreen.storyboard in Resources */,
				B040C23A1D887EB300115769 /* Assets.xcassets in Resources */,
				B040C2351D887EB300115769 /* Main.storyboard in Resources */,
			);
			runOnlyForDeploymentPostprocessing = 0;
		};
/* End PBXResourcesBuildPhase section */

/* Begin PBXSourcesBuildPhase section */
		B040C2281D887EB300115769 /* Sources */ = {
			isa = PBXSourcesBuildPhase;
			buildActionMask = 2147483647;
			files = (
				B040C2381D887EB300115769 /* TemperatureConverter.xcdatamodeld in Sources */,
				B040C2321D887EB300115769 /* ViewController.swift in Sources */,
				B040C2301D887EB300115769 /* AppDelegate.swift in Sources */,
			);
			runOnlyForDeploymentPostprocessing = 0;
		};
/* End PBXSourcesBuildPhase section */

/* Begin PBXVariantGroup section */
		B040C2331D887EB300115769 /* Main.storyboard */ = {
			isa = PBXVariantGroup;
			children = (
				B040C2341D887EB300115769 /* Base */,
			);
			name = Main.storyboard;
			sourceTree = "<group>";
		};
		B040C23B1D887EB300115769 /* LaunchScreen.storyboard */ = {
			isa = PBXVariantGroup;
			children = (
				B040C23C1D887EB300115769 /* Base */,
			);
			name = LaunchScreen.storyboard;
			sourceTree = "<group>";
		};
/* End PBXVariantGroup section */

/* Begin XCBuildConfiguration section */
		B040C23F1D887EB300115769 /* Debug */ = {
			isa = XCBuildConfiguration;
			buildSettings = {
				ALWAYS_SEARCH_USER_PATHS = NO;
				CLANG_ANALYZER_NONNULL = YES;
				CLANG_CXX_LANGUAGE_STANDARD = "gnu++0x";
				CLANG_CXX_LIBRARY = "libc++";
				CLANG_ENABLE_MODULES = YES;
				CLANG_ENABLE_OBJC_ARC = YES;
				CLANG_WARN_BOOL_CONVERSION = YES;
				CLANG_WARN_CONSTANT_CONVERSION = YES;
				CLANG_WARN_DIRECT_OBJC_ISA_USAGE = YES_ERROR;
				CLANG_WARN_EMPTY_BODY = YES;
				CLANG_WARN_ENUM_CONVERSION = YES;
				CLANG_WARN_INT_CONVERSION = YES;
				CLANG_WARN_OBJC_ROOT_CLASS = YES_ERROR;
				CLANG_WARN_UNREACHABLE_CODE = YES;
				CLANG_WARN__DUPLICATE_METHOD_MATCH = YES;
				"CODE_SIGN_IDENTITY[sdk=iphoneos*]" = "iPhone Developer";
				COPY_PHASE_STRIP = NO;
				DEBUG_INFORMATION_FORMAT = dwarf;
				ENABLE_STRICT_OBJC_MSGSEND = YES;
				ENABLE_TESTABILITY = YES;
				GCC_C_LANGUAGE_STANDARD = gnu99;
				GCC_DYNAMIC_NO_PIC = NO;
				GCC_NO_COMMON_BLOCKS = YES;
				GCC_OPTIMIZATION_LEVEL = 0;
				GCC_PREPROCESSOR_DEFINITIONS = (
					"DEBUG=1",
					"$(inherited)",
				);
				GCC_WARN_64_TO_32_BIT_CONVERSION = YES;
				GCC_WARN_ABOUT_RETURN_TYPE = YES_ERROR;
				GCC_WARN_UNDECLARED_SELECTOR = YES;
				GCC_WARN_UNINITIALIZED_AUTOS = YES_AGGRESSIVE;
				GCC_WARN_UNUSED_FUNCTION = YES;
				GCC_WARN_UNUSED_VARIABLE = YES;
				IPHONEOS_DEPLOYMENT_TARGET = 9.3;
				MTL_ENABLE_DEBUG_INFO = YES;
				ONLY_ACTIVE_ARCH = YES;
				SDKROOT = iphoneos;
				SWIFT_OPTIMIZATION_LEVEL = "-Onone";
				TARGETED_DEVICE_FAMILY = "1,2";
			};
			name = Debug;
		};
		B040C2401D887EB300115769 /* Release */ = {
			isa = XCBuildConfiguration;
			buildSettings = {
				ALWAYS_SEARCH_USER_PATHS = NO;
				CLANG_ANALYZER_NONNULL = YES;
				CLANG_CXX_LANGUAGE_STANDARD = "gnu++0x";
				CLANG_CXX_LIBRARY = "libc++";
				CLANG_ENABLE_MODULES = YES;
				CLANG_ENABLE_OBJC_ARC = YES;
				CLANG_WARN_BOOL_CONVERSION = YES;
				CLANG_WARN_CONSTANT_CONVERSION = YES;
				CLANG_WARN_DIRECT_OBJC_ISA_USAGE = YES_ERROR;
				CLANG_WARN_EMPTY_BODY = YES;
				CLANG_WARN_ENUM_CONVERSION = YES;
				CLANG_WARN_INT_CONVERSION = YES;
				CLANG_WARN_OBJC_ROOT_CLASS = YES_ERROR;
				CLANG_WARN_UNREACHABLE_CODE = YES;
				CLANG_WARN__DUPLICATE_METHOD_MATCH = YES;
				"CODE_SIGN_IDENTITY[sdk=iphoneos*]" = "iPhone Developer";
				COPY_PHASE_STRIP = NO;
				DEBUG_INFORMATION_FORMAT = "dwarf-with-dsym";
				ENABLE_NS_ASSERTIONS = NO;
				ENABLE_STRICT_OBJC_MSGSEND = YES;
				GCC_C_LANGUAGE_STANDARD = gnu99;
				GCC_NO_COMMON_BLOCKS = YES;
				GCC_WARN_64_TO_32_BIT_CONVERSION = YES;
				GCC_WARN_ABOUT_RETURN_TYPE = YES_ERROR;
				GCC_WARN_UNDECLARED_SELECTOR = YES;
				GCC_WARN_UNINITIALIZED_AUTOS = YES_AGGRESSIVE;
				GCC_WARN_UNUSED_FUNCTION = YES;
				GCC_WARN_UNUSED_VARIABLE = YES;
				IPHONEOS_DEPLOYMENT_TARGET = 9.3;
				MTL_ENABLE_DEBUG_INFO = NO;
				SDKROOT = iphoneos;
				TARGETED_DEVICE_FAMILY = "1,2";
				VALIDATE_PRODUCT = YES;
			};
			name = Release;
		};
		B040C2421D887EB300115769 /* Debug */ = {
			isa = XCBuildConfiguration;
			buildSettings = {
				ASSETCATALOG_COMPILER_APPICON_NAME = AppIcon;
				INFOPLIST_FILE = TemperatureConverter/Info.plist;
				LD_RUNPATH_SEARCH_PATHS = "$(inherited) @executable_path/Frameworks";
				PRODUCT_BUNDLE_IDENTIFIER = edu.missouri.cs.TemperatureConverter;
				PRODUCT_NAME = "$(TARGET_NAME)";
			};
			name = Debug;
		};
		B040C2431D887EB300115769 /* Release */ = {
			isa = XCBuildConfiguration;
			buildSettings = {
				ASSETCATALOG_COMPILER_APPICON_NAME = AppIcon;
				INFOPLIST_FILE = TemperatureConverter/Info.plist;
				LD_RUNPATH_SEARCH_PATHS = "$(inherited) @executable_path/Frameworks";
				PRODUCT_BUNDLE_IDENTIFIER = edu.missouri.cs.TemperatureConverter;
				PRODUCT_NAME = "$(TARGET_NAME)";
			};
			name = Release;
		};
/* End XCBuildConfiguration section */

/* Begin XCConfigurationList section */
		B040C2271D887EB300115769 /* Build configuration list for PBXProject "TemperatureConverter" */ = {
			isa = XCConfigurationList;
			buildConfigurations = (
				B040C23F1D887EB300115769 /* Debug */,
				B040C2401D887EB300115769 /* Release */,
			);
			defaultConfigurationIsVisible = 0;
			defaultConfigurationName = Release;
		};
		B040C2411D887EB300115769 /* Build configuration list for PBXNativeTarget "TemperatureConverter" */ = {
			isa = XCConfigurationList;
			buildConfigurations = (
				B040C2421D887EB300115769 /* Debug */,
				B040C2431D887EB300115769 /* Release */,
			);
			defaultConfigurationIsVisible = 0;
		};
/* End XCConfigurationList section */

/* Begin XCVersionGroup section */
		B040C2361D887EB300115769 /* TemperatureConverter.xcdatamodeld */ = {
			isa = XCVersionGroup;
			children = (
				B040C2371D887EB300115769 /* TemperatureConverter.xcdatamodel */,
			);
			currentVersion = B040C2371D887EB300115769 /* TemperatureConverter.xcdatamodel */;
			path = TemperatureConverter.xcdatamodeld;
			sourceTree = "<group>";
			versionGroupType = wrapper.xcdatamodel;
		};
/* End XCVersionGroup section */
	};
	rootObject = B040C2241D887EB300115769 /* Project object */;
}
